{
  "name": "acme-store",
  "version": "0.1.0",
  "lockfileVersion": 3,
  "requires": true,
  "packages": {
    "": {
      "name": "acme-store",
      "version": "0.1.0",
      "dependencies": {
        "next": "15.0.0",
        "posthog-js": "1.200.0",
        "react": "19.0.0",
        "react-dom": "19.0.0"
      }
    }
  }
}
